
Microsoft Visual Studio Solution File, Format Version 12.00
# Visual Studio Version 17
VisualStudioVersion = 17.0.31903.59
MinimumVisualStudioVersion = 10.0.40219.1
Project("{FAE04EC0-301F-11D3-BF4B-00C04F79EFBC}") = "Frends.Avro.Deserialize", "Frends.Avro.Deserialize\Frends.Avro.Deserialize.csproj", "{7EFEA274-F10F-4ED7-8957-E04F00CB7AF1}"
EndProject
Project("{FAE04EC0-301F-11D3-BF4B-00C04F79EFBC}") = "Frends.Avro.Deserialize.Tests", "Frends.Avro.Deserialize.Tests\Frends.Avro.Deserialize.Tests.csproj", "{3EF81A58-8AC6-4A07-B56E-15674742733C}"
EndProject
Global
	GlobalSection(SolutionConfigurationPlatforms) = preSolution
		Debug|Any CPU = Debug|Any CPU
		Release|Any CPU = Release|Any CPU
	EndGlobalSection
	GlobalSection(SolutionProperties) = preSolution
		HideSolutionNode = FALSE
	EndGlobalSection
	GlobalSection(ProjectConfigurationPlatforms) = postSolution
		{7EFEA274-F10F-4ED7-8957-E04F00CB7AF1}.Debug|Any CPU.ActiveCfg = Debug|Any CPU
		{7EFEA274-F10F-4ED7-8957-E04F00CB7AF1}.Debug|Any CPU.Build.0 = Debug|Any CPU
		{7EFEA274-F10F-4ED7-8957-E04F00CB7AF1}.Release|Any CPU.ActiveCfg = Release|Any CPU
		{7EFEA274-F10F-4ED7-8957-E04F00CB7AF1}.Release|Any CPU.Build.0 = Release|Any CPU
		{3EF81A58-8AC6-4A07-B56E-15674742733C}.Debug|Any CPU.ActiveCfg = Debug|Any CPU
		{3EF81A58-8AC6-4A07-B56E-15674742733C}.Debug|Any CPU.Build.0 = Debug|Any CPU
		{3EF81A58-8AC6-4A07-B56E-15674742733C}.Release|Any CPU.ActiveCfg = Release|Any CPU
		{3EF81A58-8AC6-4A07-B56E-15674742733C}.Release|Any CPU.Build.0 = Release|Any CPU
	EndGlobalSection
EndGlobal
